// !$*UTF8*$!
{
	archiveVersion = 1;
	classes = {
	};
	objectVersion = 77;
	objects = {

/* Begin PBXBuildFile section */
		C0000000000000000000000D /* XADMaster.framework in Frameworks */ = {isa = PBXBuildFile; fileRef = C0000000000000000000000B /* XADMaster.framework */; };
		C0000000000000000000000E /* UniversalDetector.framework in Frameworks */ = {isa = PBXBuildFile; fileRef = C0000000000000000000000C /* UniversalDetector.framework */; };
		C0000000000000000000000F /* XADMaster.framework in Embed Frameworks */ = {isa = PBXBuildFile; fileRef = C0000000000000000000000B /* XADMaster.framework */; settings = {ATTRIBUTES = (CodeSignOnCopy, RemoveHeadersOnCopy, ); }; };
		C00000000000000000000010 /* UniversalDetector.framework in Embed Frameworks */ = {isa = PBXBuildFile; fileRef = C0000000000000000000000C /* UniversalDetector.framework */; settings = {ATTRIBUTES = (CodeSignOnCopy, RemoveHeadersOnCopy, ); }; };
/* End PBXBuildFile section */

/* Begin PBXContainerItemProxy section */
		C00000000000000000000023 /* PBXContainerItemProxy */ = {
			isa = PBXContainerItemProxy;
			containerPortal = C00000000000000000000008 /* Project object */;
			proxyType = 1;
			remoteGlobalIDString = C00000000000000000000006;
			remoteInfo = cooViewer;
		};
/* End PBXContainerItemProxy section */

/* Begin PBXCopyFilesBuildPhase section */
		C00000000000000000000014 /* Embed Frameworks */ = {
			isa = PBXCopyFilesBuildPhase;
			buildActionMask = 2147483647;
			dstPath = "";
			dstSubfolderSpec = 10;
			files = (
				C0000000000000000000000F /* XADMaster.framework in Embed Frameworks */,
				C00000000000000000000010 /* UniversalDetector.framework in Embed Frameworks */,
			);
			name = "Embed Frameworks";
			runOnlyForDeploymentPostprocessing = 0;
		};
/* End PBXCopyFilesBuildPhase section */

/* Begin PBXFileReference section */
		C00000000000000000000009 /* cooViewer.app */ = {isa = PBXFileReference; explicitFileType = wrapper.application; includeInIndex = 0; path = cooViewer.app; sourceTree = BUILT_PRODUCTS_DIR; };
		C0000000000000000000000A /* CooViewerTests.xctest */ = {isa = PBXFileReference; explicitFileType = wrapper.cfbundle; includeInIndex = 0; path = CooViewerTests.xctest; sourceTree = BUILT_PRODUCTS_DIR; };
		C0000000000000000000000B /* XADMaster.framework */ = {isa = PBXFileReference; lastKnownFileType = wrapper.framework; name = XADMaster.framework; path = Frameworks/XADMaster.framework; sourceTree = "<group>"; };
		C0000000000000000000000C /* UniversalDetector.framework */ = {isa = PBXFileReference; lastKnownFileType = wrapper.framework; name = UniversalDetector.framework; path = Frameworks/UniversalDetector.framework; sourceTree = "<group>"; };
/* End PBXFileReference section */

/* Begin PBXFileSystemSynchronizedBuildFileExceptionSet section */
		C00000000000000000000024 /* Exceptions for "CooViewer" folder in "cooViewer" target */ = {
			isa = PBXFileSystemSynchronizedBuildFileExceptionSet;
			membershipExceptions = (
				Info.plist,
			);
			target = C00000000000000000000006 /* cooViewer */;
		};
/* End PBXFileSystemSynchronizedBuildFileExceptionSet section */

/* Begin PBXFileSystemSynchronizedRootGroup section */
		C00000000000000000000004 /* CooViewer */ = {
			isa = PBXFileSystemSynchronizedRootGroup;
			exceptions = (
				C00000000000000000000024 /* Exceptions for "CooViewer" folder in "cooViewer" target */,
			);
			path = CooViewer;
			sourceTree = "<group>";
		};
		C00000000000000000000005 /* CooViewerTests */ = {
			isa = PBXFileSystemSynchronizedRootGroup;
			path = CooViewerTests;
			sourceTree = "<group>";
		};
/* End PBXFileSystemSynchronizedRootGroup section */

/* Begin PBXFrameworksBuildPhase section */
		C00000000000000000000012 /* Frameworks */ = {
			isa = PBXFrameworksBuildPhase;
			buildActionMask = 2147483647;
			files = (
				C0000000000000000000000D /* XADMaster.framework in Frameworks */,
				C0000000000000000000000E /* UniversalDetector.framework in Frameworks */,
			);
			runOnlyForDeploymentPostprocessing = 0;
		};
		C00000000000000000000017 /* Frameworks */ = {
			isa = PBXFrameworksBuildPhase;
			buildActionMask = 2147483647;
			files = (
			);
			runOnlyForDeploymentPostprocessing = 0;
		};
/* End PBXFrameworksBuildPhase section */

/* Begin PBXGroup section */
		C00000000000000000000001 = {
			isa = PBXGroup;
			children = (
				C00000000000000000000004 /* CooViewer */,
				C00000000000000000000005 /* CooViewerTests */,
				C00000000000000000000003 /* Frameworks */,
				C00000000000000000000002 /* Products */,
			);
			sourceTree = "<group>";
		};
		C00000000000000000000002 /* Products */ = {
			isa = PBXGroup;
			children = (
				C00000000000000000000009 /* cooViewer.app */,
				C0000000000000000000000A /* CooViewerTests.xctest */,
			);
			name = Products;
			sourceTree = "<group>";
		};
		C00000000000000000000003 /* Frameworks */ = {
			isa = PBXGroup;
			children = (
				C0000000000000000000000B /* XADMaster.framework */,
				C0000000000000000000000C /* UniversalDetector.framework */,
			);
			name = Frameworks;
			sourceTree = "<group>";
		};
/* End PBXGroup section */

/* Begin PBXNativeTarget section */
		C00000000000000000000006 /* cooViewer */ = {
			isa = PBXNativeTarget;
			buildConfigurationList = C0000000000000000000001A /* Build configuration list for PBXNativeTarget "cooViewer" */;
			buildPhases = (
				C00000000000000000000015 /* Build XADMaster frameworks */,
				C00000000000000000000011 /* Sources */,
				C00000000000000000000012 /* Frameworks */,
				C00000000000000000000013 /* Resources */,
				C00000000000000000000014 /* Embed Frameworks */,
			);
			buildRules = (
			);
			dependencies = (
			);
			fileSystemSynchronizedGroups = (
				C00000000000000000000004 /* CooViewer */,
			);
			name = cooViewer;
			packageProductDependencies = (
			);
			productName = cooViewer;
			productReference = C00000000000000000000009 /* cooViewer.app */;
			productType = "com.apple.product-type.application";
		};
		C00000000000000000000007 /* CooViewerTests */ = {
			isa = PBXNativeTarget;
			buildConfigurationList = C0000000000000000000001B /* Build configuration list for PBXNativeTarget "CooViewerTests" */;
			buildPhases = (
				C00000000000000000000016 /* Sources */,
				C00000000000000000000017 /* Frameworks */,
				C00000000000000000000018 /* Resources */,
			);
			buildRules = (
			);
			dependencies = (
				C00000000000000000000022 /* PBXTargetDependency */,
			);
			fileSystemSynchronizedGroups = (
				C00000000000000000000005 /* CooViewerTests */,
			);
			name = CooViewerTests;
			packageProductDependencies = (
			);
			productName = CooViewerTests;
			productReference = C0000000000000000000000A /* CooViewerTests.xctest */;
			productType = "com.apple.product-type.bundle.unit-test";
		};
/* End PBXNativeTarget section */

/* Begin PBXProject section */
		C00000000000000000000008 /* Project object */ = {
			isa = PBXProject;
			attributes = {
				BuildIndependentTargetsInParallel = 1;
				LastUpgradeCheck = 2600;
				TargetAttributes = {
					C00000000000000000000007 = {
						TestTargetID = C00000000000000000000006;
					};
				};
			};
			buildConfigurationList = C00000000000000000000019 /* Build configuration list for PBXProject "CooViewer" */;
			developmentRegion = en;
			hasScannedForEncodings = 0;
			knownRegions = (
				en,
				ja,
				Base,
			);
			mainGroup = C00000000000000000000001;
			minimizedProjectReferenceProxies = 1;
			preferredProjectObjectVersion = 77;
			productRefGroup = C00000000000000000000002 /* Products */;
			projectDirPath = "";
			projectRoot = "";
			targets = (
				C00000000000000000000006 /* cooViewer */,
				C00000000000000000000007 /* CooViewerTests */,
			);
		};
/* End PBXProject section */

/* Begin PBXResourcesBuildPhase section */
		C00000000000000000000013 /* Resources */ = {
			isa = PBXResourcesBuildPhase;
			buildActionMask = 2147483647;
			files = (
			);
			runOnlyForDeploymentPostprocessing = 0;
		};
		C00000000000000000000018 /* Resources */ = {
			isa = PBXResourcesBuildPhase;
			buildActionMask = 2147483647;
			files = (
			);
			runOnlyForDeploymentPostprocessing = 0;
		};
/* End PBXResourcesBuildPhase section */

/* Begin PBXShellScriptBuildPhase section */
		C00000000000000000000015 /* Build XADMaster frameworks */ = {
			isa = PBXShellScriptBuildPhase;
			buildActionMask = 2147483647;
			files = (
			);
			inputPaths = (
			);
			name = "Build XADMaster frameworks";
			outputPaths = (
				"$(PROJECT_DIR)/Frameworks/XADMaster.framework/Versions/A/XADMaster",
				"$(PROJECT_DIR)/Frameworks/UniversalDetector.framework/Versions/A/UniversalDetector",
			);
			runOnlyForDeploymentPostprocessing = 0;
			shellPath = /bin/zsh;
			shellScript = "exec \"${PROJECT_DIR}/Scripts/build-frameworks.sh\"\n";
		};
/* End PBXShellScriptBuildPhase section */

/* Begin PBXSourcesBuildPhase section */
		C00000000000000000000011 /* Sources */ = {
			isa = PBXSourcesBuildPhase;
			buildActionMask = 2147483647;
			files = (
			);
			runOnlyForDeploymentPostprocessing = 0;
		};
		C00000000000000000000016 /* Sources */ = {
			isa = PBXSourcesBuildPhase;
			buildActionMask = 2147483647;
			files = (
			);
			runOnlyForDeploymentPostprocessing = 0;
		};
/* End PBXSourcesBuildPhase section */

/* Begin PBXTargetDependency section */
		C00000000000000000000022 /* PBXTargetDependency */ = {
			isa = PBXTargetDependency;
			target = C00000000000000000000006 /* cooViewer */;
			targetProxy = C00000000000000000000023 /* PBXContainerItemProxy */;
		};
/* End PBXTargetDependency section */

/* Begin XCBuildConfiguration section */
		C0000000000000000000001C /* Debug */ = {
			isa = XCBuildConfiguration;
			buildSettings = {
				ALWAYS_SEARCH_USER_PATHS = NO;
				ARCHS = arm64;
				CLANG_ENABLE_MODULES = YES;
				CODE_SIGN_IDENTITY = "-";
				COPY_PHASE_STRIP = NO;
				DEBUG_INFORMATION_FORMAT = dwarf;
				ENABLE_STRICT_OBJC_MSGSEND = YES;
				EXCLUDED_ARCHS = x86_64;
				ENABLE_TESTABILITY = YES;
				ENABLE_USER_SCRIPT_SANDBOXING = NO;
				FRAMEWORK_SEARCH_PATHS = (
					"$(inherited)",
					"$(PROJECT_DIR)/Frameworks",
				);
				GCC_C_LANGUAGE_STANDARD = gnu17;
				GCC_OPTIMIZATION_LEVEL = 0;
				LOCALIZATION_PREFERS_STRING_CATALOGS = YES;
				MACOSX_DEPLOYMENT_TARGET = 26.0;
				ONLY_ACTIVE_ARCH = YES;
				SDKROOT = macosx;
				SWIFT_ACTIVE_COMPILATION_CONDITIONS = "DEBUG $(inherited)";
				SWIFT_OPTIMIZATION_LEVEL = "-Onone";
				SWIFT_VERSION = 6.0;
			};
			name = Debug;
		};
		C0000000000000000000001D /* Release */ = {
			isa = XCBuildConfiguration;
			buildSettings = {
				ALWAYS_SEARCH_USER_PATHS = NO;
				ARCHS = arm64;
				CLANG_ENABLE_MODULES = YES;
				CODE_SIGN_IDENTITY = "-";
				COPY_PHASE_STRIP = NO;
				DEBUG_INFORMATION_FORMAT = "dwarf-with-dsym";
				ENABLE_STRICT_OBJC_MSGSEND = YES;
				EXCLUDED_ARCHS = x86_64;
				ENABLE_USER_SCRIPT_SANDBOXING = NO;
				FRAMEWORK_SEARCH_PATHS = (
					"$(inherited)",
					"$(PROJECT_DIR)/Frameworks",
				);
				GCC_C_LANGUAGE_STANDARD = gnu17;
				LOCALIZATION_PREFERS_STRING_CATALOGS = YES;
				MACOSX_DEPLOYMENT_TARGET = 26.0;
				ONLY_ACTIVE_ARCH = NO;
				SDKROOT = macosx;
				SWIFT_COMPILATION_MODE = wholemodule;
				SWIFT_OPTIMIZATION_LEVEL = "-O";
				SWIFT_VERSION = 6.0;
			};
			name = Release;
		};
		C0000000000000000000001E /* Debug */ = {
			isa = XCBuildConfiguration;
			buildSettings = {
				ARCHS = arm64;
				COMBINE_HIDPI_IMAGES = YES;
				CURRENT_PROJECT_VERSION = 2000;
				ENABLE_HARDENED_RUNTIME = NO;
				GENERATE_INFOPLIST_FILE = YES;
				INFOPLIST_FILE = CooViewer/Info.plist;
				INFOPLIST_KEY_NSPrincipalClass = NSApplication;
				LD_RUNPATH_SEARCH_PATHS = (
					"$(inherited)",
					"@executable_path/../Frameworks",
				);
				MARKETING_VERSION = 2.0.0;
				PRODUCT_BUNDLE_IDENTIFIER = jp.coo.cooViewer;
				PRODUCT_NAME = cooViewer;
				SWIFT_EMIT_LOC_STRINGS = YES;
			};
			name = Debug;
		};
		C0000000000000000000001F /* Release */ = {
			isa = XCBuildConfiguration;
			buildSettings = {
				ARCHS = arm64;
				"CODE_SIGN_IDENTITY[sdk=macosx*]" = "Developer ID Application";
				CODE_SIGN_STYLE = Manual;
				COMBINE_HIDPI_IMAGES = YES;
				CURRENT_PROJECT_VERSION = 2000;
				"DEVELOPMENT_TEAM[sdk=macosx*]" = FQTM2788K5;
				ENABLE_HARDENED_RUNTIME = YES;
				GENERATE_INFOPLIST_FILE = YES;
				INFOPLIST_FILE = CooViewer/Info.plist;
				INFOPLIST_KEY_NSPrincipalClass = NSApplication;
				LD_RUNPATH_SEARCH_PATHS = (
					"$(inherited)",
					"@executable_path/../Frameworks",
				);
				MARKETING_VERSION = 2.0.0;
				PRODUCT_BUNDLE_IDENTIFIER = jp.coo.cooViewer;
				PRODUCT_NAME = cooViewer;
				SWIFT_EMIT_LOC_STRINGS = YES;
			};
			name = Release;
		};
		C00000000000000000000020 /* Debug */ = {
			isa = XCBuildConfiguration;
			buildSettings = {
				BUNDLE_LOADER = "$(TEST_HOST)";
				CURRENT_PROJECT_VERSION = 2000;
				GENERATE_INFOPLIST_FILE = YES;
				MARKETING_VERSION = 2.0.0;
				PRODUCT_BUNDLE_IDENTIFIER = jp.coo.CooViewerTests;
				PRODUCT_NAME = "$(TARGET_NAME)";
				SWIFT_EMIT_LOC_STRINGS = NO;
				TEST_HOST = "$(BUILT_PRODUCTS_DIR)/cooViewer.app/Contents/MacOS/cooViewer";
			};
			name = Debug;
		};
		C00000000000000000000021 /* Release */ = {
			isa = XCBuildConfiguration;
			buildSettings = {
				BUNDLE_LOADER = "$(TEST_HOST)";
				CURRENT_PROJECT_VERSION = 2000;
				GENERATE_INFOPLIST_FILE = YES;
				MARKETING_VERSION = 2.0.0;
				PRODUCT_BUNDLE_IDENTIFIER = jp.coo.CooViewerTests;
				PRODUCT_NAME = "$(TARGET_NAME)";
				SWIFT_EMIT_LOC_STRINGS = NO;
				TEST_HOST = "$(BUILT_PRODUCTS_DIR)/cooViewer.app/Contents/MacOS/cooViewer";
			};
			name = Release;
		};
/* End XCBuildConfiguration section */

/* Begin XCConfigurationList section */
		C00000000000000000000019 /* Build configuration list for PBXProject "CooViewer" */ = {
			isa = XCConfigurationList;
			buildConfigurations = (
				C0000000000000000000001C /* Debug */,
				C0000000000000000000001D /* Release */,
			);
			defaultConfigurationIsVisible = 0;
			defaultConfigurationName = Release;
		};
		C0000000000000000000001A /* Build configuration list for PBXNativeTarget "cooViewer" */ = {
			isa = XCConfigurationList;
			buildConfigurations = (
				C0000000000000000000001E /* Debug */,
				C0000000000000000000001F /* Release */,
			);
			defaultConfigurationIsVisible = 0;
			defaultConfigurationName = Release;
		};
		C0000000000000000000001B /* Build configuration list for PBXNativeTarget "CooViewerTests" */ = {
			isa = XCConfigurationList;
			buildConfigurations = (
				C00000000000000000000020 /* Debug */,
				C00000000000000000000021 /* Release */,
			);
			defaultConfigurationIsVisible = 0;
			defaultConfigurationName = Release;
		};
/* End XCConfigurationList section */
	};
	rootObject = C00000000000000000000008 /* Project object */;
}
